
Microsoft Visual Studio Solution File, Format Version 12.00
# Visual Studio Version 16
VisualStudioVersion = 16.0.30413.136
MinimumVisualStudioVersion = 10.0.40219.1
Project("{FAE04EC0-301F-11D3-BF4B-00C04F79EFBC}") = "SoundExplorers", "SoundExplorers\SoundExplorers.csproj", "{8C3EC55A-FE12-4564-99AB-A41722D3A99C}"
EndProject
Project("{FAE04EC0-301F-11D3-BF4B-00C04F79EFBC}") = "SoundExplorers.Controller", "Controller\SoundExplorers.Controller.csproj", "{1DF40F87-9462-4211-9F51-A15AF63CB6AE}"
EndProject
Project("{FAE04EC0-301F-11D3-BF4B-00C04F79EFBC}") = "SoundExplorers.View", "View\SoundExplorers.View.csproj", "{09F2F432-DC9E-4638-9D5E-69753732150E}"
EndProject
Project("{FAE04EC0-301F-11D3-BF4B-00C04F79EFBC}") = "SoundExplorers.Data", "Data\SoundExplorers.Data.csproj", "{EB9DD1AE-4445-45C2-BD75-B27CF5A87642}"
EndProject
Project("{FAE04EC0-301F-11D3-BF4B-00C04F79EFBC}") = "SoundExplorers.Tests", "Tests\SoundExplorers.Tests.csproj", "{70A5D5EE-C1A7-48E3-A777-10435BDD84DC}"
EndProject
Project("{FAE04EC0-301F-11D3-BF4B-00C04F79EFBC}") = "SoundExplorers.Model", "Model\SoundExplorers.Model.csproj", "{F49E2374-EF0D-46A3-AD01-6F52A5826473}"
EndProject
Global
	GlobalSection(SolutionConfigurationPlatforms) = preSolution
		Debug|Any CPU = Debug|Any CPU
		Debug|Mixed Platforms = Debug|Mixed Platforms
		Debug|x86 = Debug|x86
		Release|Any CPU = Release|Any CPU
		Release|Mixed Platforms = Release|Mixed Platforms
		Release|x86 = Release|x86
	EndGlobalSection
	GlobalSection(ProjectConfigurationPlatforms) = postSolution
		{8C3EC55A-FE12-4564-99AB-A41722D3A99C}.Debug|Any CPU.ActiveCfg = Debug|Any CPU
		{8C3EC55A-FE12-4564-99AB-A41722D3A99C}.Debug|Any CPU.Build.0 = Debug|Any CPU
		{8C3EC55A-FE12-4564-99AB-A41722D3A99C}.Debug|Mixed Platforms.ActiveCfg = Debug|Any CPU
		{8C3EC55A-FE12-4564-99AB-A41722D3A99C}.Debug|Mixed Platforms.Build.0 = Debug|Any CPU
		{8C3EC55A-FE12-4564-99AB-A41722D3A99C}.Debug|x86.ActiveCfg = Debug|Any CPU
		{8C3EC55A-FE12-4564-99AB-A41722D3A99C}.Debug|x86.Build.0 = Debug|Any CPU
		{8C3EC55A-FE12-4564-99AB-A41722D3A99C}.Release|Any CPU.ActiveCfg = Release|Any CPU
		{8C3EC55A-FE12-4564-99AB-A41722D3A99C}.Release|Any CPU.Build.0 = Release|Any CPU
		{8C3EC55A-FE12-4564-99AB-A41722D3A99C}.Release|Mixed Platforms.ActiveCfg = Release|Any CPU
		{8C3EC55A-FE12-4564-99AB-A41722D3A99C}.Release|Mixed Platforms.Build.0 = Release|Any CPU
		{8C3EC55A-FE12-4564-99AB-A41722D3A99C}.Release|x86.ActiveCfg = Release|Any CPU
		{8C3EC55A-FE12-4564-99AB-A41722D3A99C}.Release|x86.Build.0 = Release|Any CPU
		{1DF40F87-9462-4211-9F51-A15AF63CB6AE}.Debug|Any CPU.ActiveCfg = Debug|Any CPU
		{1DF40F87-9462-4211-9F51-A15AF63CB6AE}.Debug|Any CPU.Build.0 = Debug|Any CPU
		{1DF40F87-9462-4211-9F51-A15AF63CB6AE}.Debug|Mixed Platforms.ActiveCfg = Debug|Any CPU
		{1DF40F87-9462-4211-9F51-A15AF63CB6AE}.Debug|Mixed Platforms.Build.0 = Debug|Any CPU
		{1DF40F87-9462-4211-9F51-A15AF63CB6AE}.Debug|x86.ActiveCfg = Debug|Any CPU
		{1DF40F87-9462-4211-9F51-A15AF63CB6AE}.Debug|x86.Build.0 = Debug|Any CPU
		{1DF40F87-9462-4211-9F51-A15AF63CB6AE}.Release|Any CPU.ActiveCfg = Release|Any CPU
		{1DF40F87-9462-4211-9F51-A15AF63CB6AE}.Release|Any CPU.Build.0 = Release|Any CPU
		{1DF40F87-9462-4211-9F51-A15AF63CB6AE}.Release|Mixed Platforms.ActiveCfg = Release|Any CPU
		{1DF40F87-9462-4211-9F51-A15AF63CB6AE}.Release|Mixed Platforms.Build.0 = Release|Any CPU
		{1DF40F87-9462-4211-9F51-A15AF63CB6AE}.Release|x86.ActiveCfg = Release|Any CPU
		{1DF40F87-9462-4211-9F51-A15AF63CB6AE}.Release|x86.Build.0 = Release|Any CPU
		{09F2F432-DC9E-4638-9D5E-69753732150E}.Debug|Any CPU.ActiveCfg = Debug|Any CPU
		{09F2F432-DC9E-4638-9D5E-69753732150E}.Debug|Any CPU.Build.0 = Debug|Any CPU
		{09F2F432-DC9E-4638-9D5E-69753732150E}.Debug|Mixed Platforms.ActiveCfg = Debug|Any CPU
		{09F2F432-DC9E-4638-9D5E-69753732150E}.Debug|Mixed Platforms.Build.0 = Debug|Any CPU
		{09F2F432-DC9E-4638-9D5E-69753732150E}.Debug|x86.ActiveCfg = Debug|Any CPU
		{09F2F432-DC9E-4638-9D5E-69753732150E}.Debug|x86.Build.0 = Debug|Any CPU
		{09F2F432-DC9E-4638-9D5E-69753732150E}.Release|Any CPU.ActiveCfg = Release|Any CPU
		{09F2F432-DC9E-4638-9D5E-69753732150E}.Release|Any CPU.Build.0 = Release|Any CPU
		{09F2F432-DC9E-4638-9D5E-69753732150E}.Release|Mixed Platforms.ActiveCfg = Release|Any CPU
		{09F2F432-DC9E-4638-9D5E-69753732150E}.Release|Mixed Platforms.Build.0 = Release|Any CPU
		{09F2F432-DC9E-4638-9D5E-69753732150E}.Release|x86.ActiveCfg = Release|Any CPU
		{09F2F432-DC9E-4638-9D5E-69753732150E}.Release|x86.Build.0 = Release|Any CPU
		{EB9DD1AE-4445-45C2-BD75-B27CF5A87642}.Debug|Any CPU.ActiveCfg = Debug|Any CPU
		{EB9DD1AE-4445-45C2-BD75-B27CF5A87642}.Debug|Any CPU.Build.0 = Debug|Any CPU
		{EB9DD1AE-4445-45C2-BD75-B27CF5A87642}.Debug|Mixed Platforms.ActiveCfg = Debug|Any CPU
		{EB9DD1AE-4445-45C2-BD75-B27CF5A87642}.Debug|Mixed Platforms.Build.0 = Debug|Any CPU
		{EB9DD1AE-4445-45C2-BD75-B27CF5A87642}.Debug|x86.ActiveCfg = Debug|Any CPU
		{EB9DD1AE-4445-45C2-BD75-B27CF5A87642}.Debug|x86.Build.0 = Debug|Any CPU
		{EB9DD1AE-4445-45C2-BD75-B27CF5A87642}.Release|Any CPU.ActiveCfg = Release|Any CPU
		{EB9DD1AE-4445-45C2-BD75-B27CF5A87642}.Release|Any CPU.Build.0 = Release|Any CPU
		{EB9DD1AE-4445-45C2-BD75-B27CF5A87642}.Release|Mixed Platforms.ActiveCfg = Release|Any CPU
		{EB9DD1AE-4445-45C2-BD75-B27CF5A87642}.Release|Mixed Platforms.Build.0 = Release|Any CPU
		{EB9DD1AE-4445-45C2-BD75-B27CF5A87642}.Release|x86.ActiveCfg = Release|Any CPU
		{EB9DD1AE-4445-45C2-BD75-B27CF5A87642}.Release|x86.Build.0 = Release|Any CPU
		{70A5D5EE-C1A7-48E3-A777-10435BDD84DC}.Debug|Any CPU.ActiveCfg = Debug|Any CPU
		{70A5D5EE-C1A7-48E3-A777-10435BDD84DC}.Debug|Any CPU.Build.0 = Debug|Any CPU
		{70A5D5EE-C1A7-48E3-A777-10435BDD84DC}.Debug|Mixed Platforms.ActiveCfg = Debug|Any CPU
		{70A5D5EE-C1A7-48E3-A777-10435BDD84DC}.Debug|Mixed Platforms.Build.0 = Debug|Any CPU
		{70A5D5EE-C1A7-48E3-A777-10435BDD84DC}.Debug|x86.ActiveCfg = Debug|Any CPU
		{70A5D5EE-C1A7-48E3-A777-10435BDD84DC}.Debug|x86.Build.0 = Debug|Any CPU
		{70A5D5EE-C1A7-48E3-A777-10435BDD84DC}.Release|Any CPU.ActiveCfg = Release|Any CPU
		{70A5D5EE-C1A7-48E3-A777-10435BDD84DC}.Release|Any CPU.Build.0 = Release|Any CPU
		{70A5D5EE-C1A7-48E3-A777-10435BDD84DC}.Release|Mixed Platforms.ActiveCfg = Release|Any CPU
		{70A5D5EE-C1A7-48E3-A777-10435BDD84DC}.Release|Mixed Platforms.Build.0 = Release|Any CPU
		{70A5D5EE-C1A7-48E3-A777-10435BDD84DC}.Release|x86.ActiveCfg = Release|Any CPU
		{70A5D5EE-C1A7-48E3-A777-10435BDD84DC}.Release|x86.Build.0 = Release|Any CPU
		{F49E2374-EF0D-46A3-AD01-6F52A5826473}.Debug|Any CPU.ActiveCfg = Debug|Any CPU
		{F49E2374-EF0D-46A3-AD01-6F52A5826473}.Debug|Any CPU.Build.0 = Debug|Any CPU
		{F49E2374-EF0D-46A3-AD01-6F52A5826473}.Debug|Mixed Platforms.ActiveCfg = Debug|Any CPU
		{F49E2374-EF0D-46A3-AD01-6F52A5826473}.Debug|Mixed Platforms.Build.0 = Debug|Any CPU
		{F49E2374-EF0D-46A3-AD01-6F52A5826473}.Debug|x86.ActiveCfg = Debug|Any CPU
		{F49E2374-EF0D-46A3-AD01-6F52A5826473}.Debug|x86.Build.0 = Debug|Any CPU
		{F49E2374-EF0D-46A3-AD01-6F52A5826473}.Release|Any CPU.ActiveCfg = Release|Any CPU
		{F49E2374-EF0D-46A3-AD01-6F52A5826473}.Release|Any CPU.Build.0 = Release|Any CPU
		{F49E2374-EF0D-46A3-AD01-6F52A5826473}.Release|Mixed Platforms.ActiveCfg = Release|Any CPU
		{F49E2374-EF0D-46A3-AD01-6F52A5826473}.Release|Mixed Platforms.Build.0 = Release|Any CPU
		{F49E2374-EF0D-46A3-AD01-6F52A5826473}.Release|x86.ActiveCfg = Release|Any CPU
		{F49E2374-EF0D-46A3-AD01-6F52A5826473}.Release|x86.Build.0 = Release|Any CPU
	EndGlobalSection
	GlobalSection(SolutionProperties) = preSolution
		HideSolutionNode = FALSE
	EndGlobalSection
	GlobalSection(ExtensibilityGlobals) = postSolution
		SolutionGuid = {20E1249A-3AF6-42AD-9DB7-7AEAD9595F2A}
	EndGlobalSection
EndGlobal
